
Microsoft Visual Studio Solution File, Format Version 12.00
# Visual Studio Version 16
VisualStudioVersion = 16.0.30404.54
MinimumVisualStudioVersion = 10.0.40219.1
Project("{9A19103F-16F7-4668-BE54-9A1E7A4F7556}") = "Day1", "Day1\Day1.csproj", "{4DD6AF28-C0BD-4E6E-84DF-BC8ED6BAE826}"
EndProject
Project("{9A19103F-16F7-4668-BE54-9A1E7A4F7556}") = "Day2", "Day2\Day2.csproj", "{FFC6CF68-7203-429F-A2A8-1A45DEFA026E}"
EndProject
Project("{9A19103F-16F7-4668-BE54-9A1E7A4F7556}") = "Day3", "Day3\Day3.csproj", "{02C35A3F-6C90-40DE-BE13-8A57D30AAED7}"
EndProject
Project("{9A19103F-16F7-4668-BE54-9A1E7A4F7556}") = "Day4", "Day4\Day4.csproj", "{5A987E5A-487B-453C-8E0E-CFEE23A772D7}"
EndProject
Project("{9A19103F-16F7-4668-BE54-9A1E7A4F7556}") = "Day4-golf", "Day4-golf\Day4-golf.csproj", "{C8A3B02C-FC31-43E2-948C-5E2955F42161}"
EndProject
Project("{9A19103F-16F7-4668-BE54-9A1E7A4F7556}") = "Day5", "Day5\Day5.csproj", "{DE2A70DD-C08C-48B3-9A15-FF5FB1868BFD}"
EndProject
Project("{9A19103F-16F7-4668-BE54-9A1E7A4F7556}") = "Utils", "Utils\Utils.csproj", "{70E878AF-4D6F-4527-87A3-F8A4CB64ACC8}"
EndProject
Project("{9A19103F-16F7-4668-BE54-9A1E7A4F7556}") = "Day6", "Day6\Day6.csproj", "{4F88D1D2-4153-4CF3-9BAB-30A301F609A1}"
EndProject
Project("{9A19103F-16F7-4668-BE54-9A1E7A4F7556}") = "Day7", "Day7\Day7.csproj", "{6042365D-70CC-4022-ACE8-DCFB2FD08A5A}"
EndProject
Project("{9A19103F-16F7-4668-BE54-9A1E7A4F7556}") = "Day8", "Day8\Day8.csproj", "{BB4F26E9-E190-4049-9632-D576B80893FC}"
EndProject
Project("{9A19103F-16F7-4668-BE54-9A1E7A4F7556}") = "Day9", "Day9\Day9.csproj", "{A631C69A-03D2-44C4-8856-89DE9D5207CD}"
EndProject
Project("{FAE04EC0-301F-11D3-BF4B-00C04F79EFBC}") = "Days10", "Day10\Days10.csproj", "{51818FA6-DDF2-4CA8-81D9-D47D52B4A3FA}"
EndProject
Global
	GlobalSection(SolutionConfigurationPlatforms) = preSolution
		Debug|Any CPU = Debug|Any CPU
		Release|Any CPU = Release|Any CPU
	EndGlobalSection
	GlobalSection(ProjectConfigurationPlatforms) = postSolution
		{4DD6AF28-C0BD-4E6E-84DF-BC8ED6BAE826}.Debug|Any CPU.ActiveCfg = Debug|Any CPU
		{4DD6AF28-C0BD-4E6E-84DF-BC8ED6BAE826}.Debug|Any CPU.Build.0 = Debug|Any CPU
		{4DD6AF28-C0BD-4E6E-84DF-BC8ED6BAE826}.Release|Any CPU.ActiveCfg = Release|Any CPU
		{4DD6AF28-C0BD-4E6E-84DF-BC8ED6BAE826}.Release|Any CPU.Build.0 = Release|Any CPU
		{FFC6CF68-7203-429F-A2A8-1A45DEFA026E}.Debug|Any CPU.ActiveCfg = Debug|Any CPU
		{FFC6CF68-7203-429F-A2A8-1A45DEFA026E}.Debug|Any CPU.Build.0 = Debug|Any CPU
		{FFC6CF68-7203-429F-A2A8-1A45DEFA026E}.Release|Any CPU.ActiveCfg = Release|Any CPU
		{FFC6CF68-7203-429F-A2A8-1A45DEFA026E}.Release|Any CPU.Build.0 = Release|Any CPU
		{02C35A3F-6C90-40DE-BE13-8A57D30AAED7}.Debug|Any CPU.ActiveCfg = Debug|Any CPU
		{02C35A3F-6C90-40DE-BE13-8A57D30AAED7}.Debug|Any CPU.Build.0 = Debug|Any CPU
		{02C35A3F-6C90-40DE-BE13-8A57D30AAED7}.Release|Any CPU.ActiveCfg = Release|Any CPU
		{02C35A3F-6C90-40DE-BE13-8A57D30AAED7}.Release|Any CPU.Build.0 = Release|Any CPU
		{5A987E5A-487B-453C-8E0E-CFEE23A772D7}.Debug|Any CPU.ActiveCfg = Debug|Any CPU
		{5A987E5A-487B-453C-8E0E-CFEE23A772D7}.Debug|Any CPU.Build.0 = Debug|Any CPU
		{5A987E5A-487B-453C-8E0E-CFEE23A772D7}.Release|Any CPU.ActiveCfg = Release|Any CPU
		{5A987E5A-487B-453C-8E0E-CFEE23A772D7}.Release|Any CPU.Build.0 = Release|Any CPU
		{C8A3B02C-FC31-43E2-948C-5E2955F42161}.Debug|Any CPU.ActiveCfg = Debug|Any CPU
		{C8A3B02C-FC31-43E2-948C-5E2955F42161}.Debug|Any CPU.Build.0 = Debug|Any CPU
		{C8A3B02C-FC31-43E2-948C-5E2955F42161}.Release|Any CPU.ActiveCfg = Release|Any CPU
		{C8A3B02C-FC31-43E2-948C-5E2955F42161}.Release|Any CPU.Build.0 = Release|Any CPU
		{DE2A70DD-C08C-48B3-9A15-FF5FB1868BFD}.Debug|Any CPU.ActiveCfg = Debug|Any CPU
		{DE2A70DD-C08C-48B3-9A15-FF5FB1868BFD}.Debug|Any CPU.Build.0 = Debug|Any CPU
		{DE2A70DD-C08C-48B3-9A15-FF5FB1868BFD}.Release|Any CPU.ActiveCfg = Release|Any CPU
		{DE2A70DD-C08C-48B3-9A15-FF5FB1868BFD}.Release|Any CPU.Build.0 = Release|Any CPU
		{70E878AF-4D6F-4527-87A3-F8A4CB64ACC8}.Debug|Any CPU.ActiveCfg = Debug|Any CPU
		{70E878AF-4D6F-4527-87A3-F8A4CB64ACC8}.Debug|Any CPU.Build.0 = Debug|Any CPU
		{70E878AF-4D6F-4527-87A3-F8A4CB64ACC8}.Release|Any CPU.ActiveCfg = Release|Any CPU
		{70E878AF-4D6F-4527-87A3-F8A4CB64ACC8}.Release|Any CPU.Build.0 = Release|Any CPU
		{4F88D1D2-4153-4CF3-9BAB-30A301F609A1}.Debug|Any CPU.ActiveCfg = Debug|Any CPU
		{4F88D1D2-4153-4CF3-9BAB-30A301F609A1}.Debug|Any CPU.Build.0 = Debug|Any CPU
		{4F88D1D2-4153-4CF3-9BAB-30A301F609A1}.Release|Any CPU.ActiveCfg = Release|Any CPU
		{4F88D1D2-4153-4CF3-9BAB-30A301F609A1}.Release|Any CPU.Build.0 = Release|Any CPU
		{6042365D-70CC-4022-ACE8-DCFB2FD08A5A}.Debug|Any CPU.ActiveCfg = Debug|Any CPU
		{6042365D-70CC-4022-ACE8-DCFB2FD08A5A}.Debug|Any CPU.Build.0 = Debug|Any CPU
		{6042365D-70CC-4022-ACE8-DCFB2FD08A5A}.Release|Any CPU.ActiveCfg = Release|Any CPU
		{6042365D-70CC-4022-ACE8-DCFB2FD08A5A}.Release|Any CPU.Build.0 = Release|Any CPU
		{BB4F26E9-E190-4049-9632-D576B80893FC}.Debug|Any CPU.ActiveCfg = Debug|Any CPU
		{BB4F26E9-E190-4049-9632-D576B80893FC}.Debug|Any CPU.Build.0 = Debug|Any CPU
		{BB4F26E9-E190-4049-9632-D576B80893FC}.Release|Any CPU.ActiveCfg = Release|Any CPU
		{BB4F26E9-E190-4049-9632-D576B80893FC}.Release|Any CPU.Build.0 = Release|Any CPU
		{A631C69A-03D2-44C4-8856-89DE9D5207CD}.Debug|Any CPU.ActiveCfg = Debug|Any CPU
		{A631C69A-03D2-44C4-8856-89DE9D5207CD}.Debug|Any CPU.Build.0 = Debug|Any CPU
		{A631C69A-03D2-44C4-8856-89DE9D5207CD}.Release|Any CPU.ActiveCfg = Release|Any CPU
		{A631C69A-03D2-44C4-8856-89DE9D5207CD}.Release|Any CPU.Build.0 = Release|Any CPU
		{51818FA6-DDF2-4CA8-81D9-D47D52B4A3FA}.Debug|Any CPU.ActiveCfg = Debug|Any CPU
		{51818FA6-DDF2-4CA8-81D9-D47D52B4A3FA}.Debug|Any CPU.Build.0 = Debug|Any CPU
		{51818FA6-DDF2-4CA8-81D9-D47D52B4A3FA}.Release|Any CPU.ActiveCfg = Release|Any CPU
		{51818FA6-DDF2-4CA8-81D9-D47D52B4A3FA}.Release|Any CPU.Build.0 = Release|Any CPU
	EndGlobalSection
	GlobalSection(SolutionProperties) = preSolution
		HideSolutionNode = FALSE
	EndGlobalSection
	GlobalSection(ExtensibilityGlobals) = postSolution
		SolutionGuid = {D86CF5AE-D93D-4EEB-B7D4-8FC776DD62D3}
	EndGlobalSection
EndGlobal
